// !$*UTF8*$!
{
	archiveVersion = 1;
	classes = {
	};
	objectVersion = 50;
	objects = {

/* Begin PBXBuildFile section */
		ED3C0FF823F6DAA000A275A6 /* AppDelegate.swift in Sources */ = {isa = PBXBuildFile; fileRef = ED3C0FF723F6DAA000A275A6 /* AppDelegate.swift */; };
		ED3C0FFA23F6DAA000A275A6 /* SceneDelegate.swift in Sources */ = {isa = PBXBuildFile; fileRef = ED3C0FF923F6DAA000A275A6 /* SceneDelegate.swift */; };
		ED3C0FFD23F6DAA000A275A6 /* TodoList_App.xcdatamodeld in Sources */ = {isa = PBXBuildFile; fileRef = ED3C0FFB23F6DAA000A275A6 /* TodoList_App.xcdatamodeld */; };
		ED3C0FFF23F6DAA000A275A6 /* ContentView.swift in Sources */ = {isa = PBXBuildFile; fileRef = ED3C0FFE23F6DAA000A275A6 /* ContentView.swift */; };
		ED3C100123F6DAA200A275A6 /* Assets.xcassets in Resources */ = {isa = PBXBuildFile; fileRef = ED3C100023F6DAA200A275A6 /* Assets.xcassets */; };
		ED3C100423F6DAA200A275A6 /* Preview Assets.xcassets in Resources */ = {isa = PBXBuildFile; fileRef = ED3C100323F6DAA200A275A6 /* Preview Assets.xcassets */; };
		ED3C100723F6DAA200A275A6 /* LaunchScreen.storyboard in Resources */ = {isa = PBXBuildFile; fileRef = ED3C100523F6DAA200A275A6 /* LaunchScreen.storyboard */; };
		ED3C101223F6DAA200A275A6 /* TodoList_AppTests.swift in Sources */ = {isa = PBXBuildFile; fileRef = ED3C101123F6DAA200A275A6 /* TodoList_AppTests.swift */; };
		ED3C101D23F6DAA200A275A6 /* TodoList_AppUITests.swift in Sources */ = {isa = PBXBuildFile; fileRef = ED3C101C23F6DAA200A275A6 /* TodoList_AppUITests.swift */; };
/* End PBXBuildFile section */

/* Begin PBXContainerItemProxy section */
		ED3C100E23F6DAA200A275A6 /* PBXContainerItemProxy */ = {
			isa = PBXContainerItemProxy;
			containerPortal = ED3C0FEC23F6DAA000A275A6 /* Project object */;
			proxyType = 1;
			remoteGlobalIDString = ED3C0FF323F6DAA000A275A6;
			remoteInfo = TodoList_App;
		};
		ED3C101923F6DAA200A275A6 /* PBXContainerItemProxy */ = {
			isa = PBXContainerItemProxy;
			containerPortal = ED3C0FEC23F6DAA000A275A6 /* Project object */;
			proxyType = 1;
			remoteGlobalIDString = ED3C0FF323F6DAA000A275A6;
			remoteInfo = TodoList_App;
		};
/* End PBXContainerItemProxy section */

/* Begin PBXFileReference section */
		ED3C0FF423F6DAA000A275A6 /* TodoList_App.app */ = {isa = PBXFileReference; explicitFileType = wrapper.application; includeInIndex = 0; path = TodoList_App.app; sourceTree = BUILT_PRODUCTS_DIR; };
		ED3C0FF723F6DAA000A275A6 /* AppDelegate.swift */ = {isa = PBXFileReference; lastKnownFileType = sourcecode.swift; path = AppDelegate.swift; sourceTree = "<group>"; };
		ED3C0FF923F6DAA000A275A6 /* SceneDelegate.swift */ = {isa = PBXFileReference; lastKnownFileType = sourcecode.swift; path = SceneDelegate.swift; sourceTree = "<group>"; };
		ED3C0FFC23F6DAA000A275A6 /* TodoList_App.xcdatamodel */ = {isa = PBXFileReference; lastKnownFileType = wrapper.xcdatamodel; path = TodoList_App.xcdatamodel; sourceTree = "<group>"; };
		ED3C0FFE23F6DAA000A275A6 /* ContentView.swift */ = {isa = PBXFileReference; lastKnownFileType = sourcecode.swift; path = ContentView.swift; sourceTree = "<group>"; };
		ED3C100023F6DAA200A275A6 /* Assets.xcassets */ = {isa = PBXFileReference; lastKnownFileType = folder.assetcatalog; path = Assets.xcassets; sourceTree = "<group>"; };
		ED3C100323F6DAA200A275A6 /* Preview Assets.xcassets */ = {isa = PBXFileReference; lastKnownFileType = folder.assetcatalog; path = "Preview Assets.xcassets"; sourceTree = "<group>"; };
		ED3C100623F6DAA200A275A6 /* Base */ = {isa = PBXFileReference; lastKnownFileType = file.storyboard; name = Base; path = Base.lproj/LaunchScreen.storyboard; sourceTree = "<group>"; };
		ED3C100823F6DAA200A275A6 /* Info.plist */ = {isa = PBXFileReference; lastKnownFileType = text.plist.xml; path = Info.plist; sourceTree = "<group>"; };
		ED3C100D23F6DAA200A275A6 /* TodoList_AppTests.xctest */ = {isa = PBXFileReference; explicitFileType = wrapper.cfbundle; includeInIndex = 0; path = TodoList_AppTests.xctest; sourceTree = BUILT_PRODUCTS_DIR; };
		ED3C101123F6DAA200A275A6 /* TodoList_AppTests.swift */ = {isa = PBXFileReference; lastKnownFileType = sourcecode.swift; path = TodoList_AppTests.swift; sourceTree = "<group>"; };
		ED3C101323F6DAA200A275A6 /* Info.plist */ = {isa = PBXFileReference; lastKnownFileType = text.plist.xml; path = Info.plist; sourceTree = "<group>"; };
		ED3C101823F6DAA200A275A6 /* TodoList_AppUITests.xctest */ = {isa = PBXFileReference; explicitFileType = wrapper.cfbundle; includeInIndex = 0; path = TodoList_AppUITests.xctest; sourceTree = BUILT_PRODUCTS_DIR; };
		ED3C101C23F6DAA200A275A6 /* TodoList_AppUITests.swift */ = {isa = PBXFileReference; lastKnownFileType = sourcecode.swift; path = TodoList_AppUITests.swift; sourceTree = "<group>"; };
		ED3C101E23F6DAA300A275A6 /* Info.plist */ = {isa = PBXFileReference; lastKnownFileType = text.plist.xml; path = Info.plist; sourceTree = "<group>"; };
/* End PBXFileReference section */

/* Begin PBXFrameworksBuildPhase section */
		ED3C0FF123F6DAA000A275A6 /* Frameworks */ = {
			isa = PBXFrameworksBuildPhase;
			buildActionMask = 2147483647;
			files = (
			);
			runOnlyForDeploymentPostprocessing = 0;
		};
		ED3C100A23F6DAA200A275A6 /* Frameworks */ = {
			isa = PBXFrameworksBuildPhase;
			buildActionMask = 2147483647;
			files = (
			);
			runOnlyForDeploymentPostprocessing = 0;
		};
		ED3C101523F6DAA200A275A6 /* Frameworks */ = {
			isa = PBXFrameworksBuildPhase;
			buildActionMask = 2147483647;
			files = (
			);
			runOnlyForDeploymentPostprocessing = 0;
		};
/* End PBXFrameworksBuildPhase section */

/* Begin PBXGroup section */
		ED3C0FEB23F6DAA000A275A6 = {
			isa = PBXGroup;
			children = (
				ED3C0FF623F6DAA000A275A6 /* TodoList_App */,
				ED3C101023F6DAA200A275A6 /* TodoList_AppTests */,
				ED3C101B23F6DAA200A275A6 /* TodoList_AppUITests */,
				ED3C0FF523F6DAA000A275A6 /* Products */,
			);
			sourceTree = "<group>";
		};
		ED3C0FF523F6DAA000A275A6 /* Products */ = {
			isa = PBXGroup;
			children = (
				ED3C0FF423F6DAA000A275A6 /* TodoList_App.app */,
				ED3C100D23F6DAA200A275A6 /* TodoList_AppTests.xctest */,
				ED3C101823F6DAA200A275A6 /* TodoList_AppUITests.xctest */,
			);
			name = Products;
			sourceTree = "<group>";
		};
		ED3C0FF623F6DAA000A275A6 /* TodoList_App */ = {
			isa = PBXGroup;
			children = (
				ED3C0FF723F6DAA000A275A6 /* AppDelegate.swift */,
				ED3C0FF923F6DAA000A275A6 /* SceneDelegate.swift */,
				ED3C0FFE23F6DAA000A275A6 /* ContentView.swift */,
				ED3C100023F6DAA200A275A6 /* Assets.xcassets */,
				ED3C100523F6DAA200A275A6 /* LaunchScreen.storyboard */,
				ED3C100823F6DAA200A275A6 /* Info.plist */,
				ED3C0FFB23F6DAA000A275A6 /* TodoList_App.xcdatamodeld */,
				ED3C100223F6DAA200A275A6 /* Preview Content */,
			);
			path = TodoList_App;
			sourceTree = "<group>";
		};
		ED3C100223F6DAA200A275A6 /* Preview Content */ = {
			isa = PBXGroup;
			children = (
				ED3C100323F6DAA200A275A6 /* Preview Assets.xcassets */,
			);
			path = "Preview Content";
			sourceTree = "<group>";
		};
		ED3C101023F6DAA200A275A6 /* TodoList_AppTests */ = {
			isa = PBXGroup;
			children = (
				ED3C101123F6DAA200A275A6 /* TodoList_AppTests.swift */,
				ED3C101323F6DAA200A275A6 /* Info.plist */,
			);
			path = TodoList_AppTests;
			sourceTree = "<group>";
		};
		ED3C101B23F6DAA200A275A6 /* TodoList_AppUITests */ = {
			isa = PBXGroup;
			children = (
				ED3C101C23F6DAA200A275A6 /* TodoList_AppUITests.swift */,
				ED3C101E23F6DAA300A275A6 /* Info.plist */,
			);
			path = TodoList_AppUITests;
			sourceTree = "<group>";
		};
/* End PBXGroup section */

/* Begin PBXNativeTarget section */
		ED3C0FF323F6DAA000A275A6 /* TodoList_App */ = {
			isa = PBXNativeTarget;
			buildConfigurationList = ED3C102123F6DAA300A275A6 /* Build configuration list for PBXNativeTarget "TodoList_App" */;
			buildPhases = (
				ED3C0FF023F6DAA000A275A6 /* Sources */,
				ED3C0FF123F6DAA000A275A6 /* Frameworks */,
				ED3C0FF223F6DAA000A275A6 /* Resources */,
			);
			buildRules = (
			);
			dependencies = (
			);
			name = TodoList_App;
			productName = TodoList_App;
			productReference = ED3C0FF423F6DAA000A275A6 /* TodoList_App.app */;
			productType = "com.apple.product-type.application";
		};
		ED3C100C23F6DAA200A275A6 /* TodoList_AppTests */ = {
			isa = PBXNativeTarget;
			buildConfigurationList = ED3C102423F6DAA300A275A6 /* Build configuration list for PBXNativeTarget "TodoList_AppTests" */;
			buildPhases = (
				ED3C100923F6DAA200A275A6 /* Sources */,
				ED3C100A23F6DAA200A275A6 /* Frameworks */,
				ED3C100B23F6DAA200A275A6 /* Resources */,
			);
			buildRules = (
			);
			dependencies = (
				ED3C100F23F6DAA200A275A6 /* PBXTargetDependency */,
			);
			name = TodoList_AppTests;
			productName = TodoList_AppTests;
			productReference = ED3C100D23F6DAA200A275A6 /* TodoList_AppTests.xctest */;
			productType = "com.apple.product-type.bundle.unit-test";
		};
		ED3C101723F6DAA200A275A6 /* TodoList_AppUITests */ = {
			isa = PBXNativeTarget;
			buildConfigurationList = ED3C102723F6DAA300A275A6 /* Build configuration list for PBXNativeTarget "TodoList_AppUITests" */;
			buildPhases = (
				ED3C101423F6DAA200A275A6 /* Sources */,
				ED3C101523F6DAA200A275A6 /* Frameworks */,
				ED3C101623F6DAA200A275A6 /* Resources */,
			);
			buildRules = (
			);
			dependencies = (
				ED3C101A23F6DAA200A275A6 /* PBXTargetDependency */,
			);
			name = TodoList_AppUITests;
			productName = TodoList_AppUITests;
			productReference = ED3C101823F6DAA200A275A6 /* TodoList_AppUITests.xctest */;
			productType = "com.apple.product-type.bundle.ui-testing";
		};
/* End PBXNativeTarget section */

/* Begin PBXProject section */
		ED3C0FEC23F6DAA000A275A6 /* Project object */ = {
			isa = PBXProject;
			attributes = {
				LastSwiftUpdateCheck = 1120;
				LastUpgradeCheck = 1120;
				ORGANIZATIONNAME = "Hot Cocoa Software";
				TargetAttributes = {
					ED3C0FF323F6DAA000A275A6 = {
						CreatedOnToolsVersion = 11.2.1;
					};
					ED3C100C23F6DAA200A275A6 = {
						CreatedOnToolsVersion = 11.2.1;
						TestTargetID = ED3C0FF323F6DAA000A275A6;
					};
					ED3C101723F6DAA200A275A6 = {
						CreatedOnToolsVersion = 11.2.1;
						TestTargetID = ED3C0FF323F6DAA000A275A6;
					};
				};
			};
			buildConfigurationList = ED3C0FEF23F6DAA000A275A6 /* Build configuration list for PBXProject "TodoList_App" */;
			compatibilityVersion = "Xcode 9.3";
			developmentRegion = en;
			hasScannedForEncodings = 0;
			knownRegions = (
				en,
				Base,
			);
			mainGroup = ED3C0FEB23F6DAA000A275A6;
			productRefGroup = ED3C0FF523F6DAA000A275A6 /* Products */;
			projectDirPath = "";
			projectRoot = "";
			targets = (
				ED3C0FF323F6DAA000A275A6 /* TodoList_App */,
				ED3C100C23F6DAA200A275A6 /* TodoList_AppTests */,
				ED3C101723F6DAA200A275A6 /* TodoList_AppUITests */,
			);
		};
/* End PBXProject section */

/* Begin PBXResourcesBuildPhase section */
		ED3C0FF223F6DAA000A275A6 /* Resources */ = {
			isa = PBXResourcesBuildPhase;
			buildActionMask = 2147483647;
			files = (
				ED3C100723F6DAA200A275A6 /* LaunchScreen.storyboard in Resources */,
				ED3C100423F6DAA200A275A6 /* Preview Assets.xcassets in Resources */,
				ED3C100123F6DAA200A275A6 /* Assets.xcassets in Resources */,
			);
			runOnlyForDeploymentPostprocessing = 0;
		};
		ED3C100B23F6DAA200A275A6 /* Resources */ = {
			isa = PBXResourcesBuildPhase;
			buildActionMask = 2147483647;
			files = (
			);
			runOnlyForDeploymentPostprocessing = 0;
		};
		ED3C101623F6DAA200A275A6 /* Resources */ = {
			isa = PBXResourcesBuildPhase;
			buildActionMask = 2147483647;
			files = (
			);
			runOnlyForDeploymentPostprocessing = 0;
		};
/* End PBXResourcesBuildPhase section */

/* Begin PBXSourcesBuildPhase section */
		ED3C0FF023F6DAA000A275A6 /* Sources */ = {
			isa = PBXSourcesBuildPhase;
			buildActionMask = 2147483647;
			files = (
				ED3C0FF823F6DAA000A275A6 /* AppDelegate.swift in Sources */,
				ED3C0FFA23F6DAA000A275A6 /* SceneDelegate.swift in Sources */,
				ED3C0FFF23F6DAA000A275A6 /* ContentView.swift in Sources */,
				ED3C0FFD23F6DAA000A275A6 /* TodoList_App.xcdatamodeld in Sources */,
			);
			runOnlyForDeploymentPostprocessing = 0;
		};
		ED3C100923F6DAA200A275A6 /* Sources */ = {
			isa = PBXSourcesBuildPhase;
			buildActionMask = 2147483647;
			files = (
				ED3C101223F6DAA200A275A6 /* TodoList_AppTests.swift in Sources */,
			);
			runOnlyForDeploymentPostprocessing = 0;
		};
		ED3C101423F6DAA200A275A6 /* Sources */ = {
			isa = PBXSourcesBuildPhase;
			buildActionMask = 2147483647;
			files = (
				ED3C101D23F6DAA200A275A6 /* TodoList_AppUITests.swift in Sources */,
			);
			runOnlyForDeploymentPostprocessing = 0;
		};
/* End PBXSourcesBuildPhase section */

/* Begin PBXTargetDependency section */
		ED3C100F23F6DAA200A275A6 /* PBXTargetDependency */ = {
			isa = PBXTargetDependency;
			target = ED3C0FF323F6DAA000A275A6 /* TodoList_App */;
			targetProxy = ED3C100E23F6DAA200A275A6 /* PBXContainerItemProxy */;
		};
		ED3C101A23F6DAA200A275A6 /* PBXTargetDependency */ = {
			isa = PBXTargetDependency;
			target = ED3C0FF323F6DAA000A275A6 /* TodoList_App */;
			targetProxy = ED3C101923F6DAA200A275A6 /* PBXContainerItemProxy */;
		};
/* End PBXTargetDependency section */

/* Begin PBXVariantGroup section */
		ED3C100523F6DAA200A275A6 /* LaunchScreen.storyboard */ = {
			isa = PBXVariantGroup;
			children = (
				ED3C100623F6DAA200A275A6 /* Base */,
			);
			name = LaunchScreen.storyboard;
			sourceTree = "<group>";
		};
/* End PBXVariantGroup section */

/* Begin XCBuildConfiguration section */
		ED3C101F23F6DAA300A275A6 /* Debug */ = {
			isa = XCBuildConfiguration;
			buildSettings = {
				ALWAYS_SEARCH_USER_PATHS = NO;
				CLANG_ANALYZER_NONNULL = YES;
				CLANG_ANALYZER_NUMBER_OBJECT_CONVERSION = YES_AGGRESSIVE;
				CLANG_CXX_LANGUAGE_STANDARD = "gnu++14";
				CLANG_CXX_LIBRARY = "libc++";
				CLANG_ENABLE_MODULES = YES;
				CLANG_ENABLE_OBJC_ARC = YES;
				CLANG_ENABLE_OBJC_WEAK = YES;
				CLANG_WARN_BLOCK_CAPTURE_AUTORELEASING = YES;
				CLANG_WARN_BOOL_CONVERSION = YES;
				CLANG_WARN_COMMA = YES;
				CLANG_WARN_CONSTANT_CONVERSION = YES;
				CLANG_WARN_DEPRECATED_OBJC_IMPLEMENTATIONS = YES;
				CLANG_WARN_DIRECT_OBJC_ISA_USAGE = YES_ERROR;
				CLANG_WARN_DOCUMENTATION_COMMENTS = YES;
				CLANG_WARN_EMPTY_BODY = YES;
				CLANG_WARN_ENUM_CONVERSION = YES;
				CLANG_WARN_INFINITE_RECURSION = YES;
				CLANG_WARN_INT_CONVERSION = YES;
				CLANG_WARN_NON_LITERAL_NULL_CONVERSION = YES;
				CLANG_WARN_OBJC_IMPLICIT_RETAIN_SELF = YES;
				CLANG_WARN_OBJC_LITERAL_CONVERSION = YES;
				CLANG_WARN_OBJC_ROOT_CLASS = YES_ERROR;
				CLANG_WARN_RANGE_LOOP_ANALYSIS = YES;
				CLANG_WARN_STRICT_PROTOTYPES = YES;
				CLANG_WARN_SUSPICIOUS_MOVE = YES;
				CLANG_WARN_UNGUARDED_AVAILABILITY = YES_AGGRESSIVE;
				CLANG_WARN_UNREACHABLE_CODE = YES;
				CLANG_WARN__DUPLICATE_METHOD_MATCH = YES;
				COPY_PHASE_STRIP = NO;
				DEBUG_INFORMATION_FORMAT = dwarf;
				ENABLE_STRICT_OBJC_MSGSEND = YES;
				ENABLE_TESTABILITY = YES;
				GCC_C_LANGUAGE_STANDARD = gnu11;
				GCC_DYNAMIC_NO_PIC = NO;
				GCC_NO_COMMON_BLOCKS = YES;
				GCC_OPTIMIZATION_LEVEL = 0;
				GCC_PREPROCESSOR_DEFINITIONS = (
					"DEBUG=1",
					"$(inherited)",
				);
				GCC_WARN_64_TO_32_BIT_CONVERSION = YES;
				GCC_WARN_ABOUT_RETURN_TYPE = YES_ERROR;
				GCC_WARN_UNDECLARED_SELECTOR = YES;
				GCC_WARN_UNINITIALIZED_AUTOS = YES_AGGRESSIVE;
				GCC_WARN_UNUSED_FUNCTION = YES;
				GCC_WARN_UNUSED_VARIABLE = YES;
				IPHONEOS_DEPLOYMENT_TARGET = 13.2;
				MTL_ENABLE_DEBUG_INFO = INCLUDE_SOURCE;
				MTL_FAST_MATH = YES;
				ONLY_ACTIVE_ARCH = YES;
				SDKROOT = iphoneos;
				SWIFT_ACTIVE_COMPILATION_CONDITIONS = DEBUG;
				SWIFT_OPTIMIZATION_LEVEL = "-Onone";
			};
			name = Debug;
		};
		ED3C102023F6DAA300A275A6 /* Release */ = {
			isa = XCBuildConfiguration;
			buildSettings = {
				ALWAYS_SEARCH_USER_PATHS = NO;
				CLANG_ANALYZER_NONNULL = YES;
				CLANG_ANALYZER_NUMBER_OBJECT_CONVERSION = YES_AGGRESSIVE;
				CLANG_CXX_LANGUAGE_STANDARD = "gnu++14";
				CLANG_CXX_LIBRARY = "libc++";
				CLANG_ENABLE_MODULES = YES;
				CLANG_ENABLE_OBJC_ARC = YES;
				CLANG_ENABLE_OBJC_WEAK = YES;
				CLANG_WARN_BLOCK_CAPTURE_AUTORELEASING = YES;
				CLANG_WARN_BOOL_CONVERSION = YES;
				CLANG_WARN_COMMA = YES;
				CLANG_WARN_CONSTANT_CONVERSION = YES;
				CLANG_WARN_DEPRECATED_OBJC_IMPLEMENTATIONS = YES;
				CLANG_WARN_DIRECT_OBJC_ISA_USAGE = YES_ERROR;
				CLANG_WARN_DOCUMENTATION_COMMENTS = YES;
				CLANG_WARN_EMPTY_BODY = YES;
				CLANG_WARN_ENUM_CONVERSION = YES;
				CLANG_WARN_INFINITE_RECURSION = YES;
				CLANG_WARN_INT_CONVERSION = YES;
				CLANG_WARN_NON_LITERAL_NULL_CONVERSION = YES;
				CLANG_WARN_OBJC_IMPLICIT_RETAIN_SELF = YES;
				CLANG_WARN_OBJC_LITERAL_CONVERSION = YES;
				CLANG_WARN_OBJC_ROOT_CLASS = YES_ERROR;
				CLANG_WARN_RANGE_LOOP_ANALYSIS = YES;
				CLANG_WARN_STRICT_PROTOTYPES = YES;
				CLANG_WARN_SUSPICIOUS_MOVE = YES;
				CLANG_WARN_UNGUARDED_AVAILABILITY = YES_AGGRESSIVE;
				CLANG_WARN_UNREACHABLE_CODE = YES;
				CLANG_WARN__DUPLICATE_METHOD_MATCH = YES;
				COPY_PHASE_STRIP = NO;
				DEBUG_INFORMATION_FORMAT = "dwarf-with-dsym";
				ENABLE_NS_ASSERTIONS = NO;
				ENABLE_STRICT_OBJC_MSGSEND = YES;
				GCC_C_LANGUAGE_STANDARD = gnu11;
				GCC_NO_COMMON_BLOCKS = YES;
				GCC_WARN_64_TO_32_BIT_CONVERSION = YES;
				GCC_WARN_ABOUT_RETURN_TYPE = YES_ERROR;
				GCC_WARN_UNDECLARED_SELECTOR = YES;
				GCC_WARN_UNINITIALIZED_AUTOS = YES_AGGRESSIVE;
				GCC_WARN_UNUSED_FUNCTION = YES;
				GCC_WARN_UNUSED_VARIABLE = YES;
				IPHONEOS_DEPLOYMENT_TARGET = 13.2;
				MTL_ENABLE_DEBUG_INFO = NO;
				MTL_FAST_MATH = YES;
				SDKROOT = iphoneos;
				SWIFT_COMPILATION_MODE = wholemodule;
				SWIFT_OPTIMIZATION_LEVEL = "-O";
				VALIDATE_PRODUCT = YES;
			};
			name = Release;
		};
		ED3C102223F6DAA300A275A6 /* Debug */ = {
			isa = XCBuildConfiguration;
			buildSettings = {
				ASSETCATALOG_COMPILER_APPICON_NAME = AppIcon;
				CODE_SIGN_STYLE = Automatic;
				DEVELOPMENT_ASSET_PATHS = "\"TodoList_App/Preview Content\"";
				DEVELOPMENT_TEAM = SSD8A77M73;
				ENABLE_PREVIEWS = YES;
				INFOPLIST_FILE = TodoList_App/Info.plist;
				LD_RUNPATH_SEARCH_PATHS = (
					"$(inherited)",
					"@executable_path/Frameworks",
				);
				PRODUCT_BUNDLE_IDENTIFIER = "com.hcs.TodoList-App";
				PRODUCT_NAME = "$(TARGET_NAME)";
				SWIFT_VERSION = 5.0;
				TARGETED_DEVICE_FAMILY = "1,2";
			};
			name = Debug;
		};
		ED3C102323F6DAA300A275A6 /* Release */ = {
			isa = XCBuildConfiguration;
			buildSettings = {
				ASSETCATALOG_COMPILER_APPICON_NAME = AppIcon;
				CODE_SIGN_STYLE = Automatic;
				DEVELOPMENT_ASSET_PATHS = "\"TodoList_App/Preview Content\"";
				DEVELOPMENT_TEAM = SSD8A77M73;
				ENABLE_PREVIEWS = YES;
				INFOPLIST_FILE = TodoList_App/Info.plist;
				LD_RUNPATH_SEARCH_PATHS = (
					"$(inherited)",
					"@executable_path/Frameworks",
				);
				PRODUCT_BUNDLE_IDENTIFIER = "com.hcs.TodoList-App";
				PRODUCT_NAME = "$(TARGET_NAME)";
				SWIFT_VERSION = 5.0;
				TARGETED_DEVICE_FAMILY = "1,2";
			};
			name = Release;
		};
		ED3C102523F6DAA300A275A6 /* Debug */ = {
			isa = XCBuildConfiguration;
			buildSettings = {
				ALWAYS_EMBED_SWIFT_STANDARD_LIBRARIES = YES;
				BUNDLE_LOADER = "$(TEST_HOST)";
				CODE_SIGN_STYLE = Automatic;
				DEVELOPMENT_TEAM = SSD8A77M73;
				INFOPLIST_FILE = TodoList_AppTests/Info.plist;
				IPHONEOS_DEPLOYMENT_TARGET = 13.2;
				LD_RUNPATH_SEARCH_PATHS = (
					"$(inherited)",
					"@executable_path/Frameworks",
					"@loader_path/Frameworks",
				);
				PRODUCT_BUNDLE_IDENTIFIER = "com.hcs.TodoList-AppTests";
				PRODUCT_NAME = "$(TARGET_NAME)";
				SWIFT_VERSION = 5.0;
				TARGETED_DEVICE_FAMILY = "1,2";
				TEST_HOST = "$(BUILT_PRODUCTS_DIR)/TodoList_App.app/TodoList_App";
			};
			name = Debug;
		};
		ED3C102623F6DAA300A275A6 /* Release */ = {
			isa = XCBuildConfiguration;
			buildSettings = {
				ALWAYS_EMBED_SWIFT_STANDARD_LIBRARIES = YES;
				BUNDLE_LOADER = "$(TEST_HOST)";
				CODE_SIGN_STYLE = Automatic;
				DEVELOPMENT_TEAM = SSD8A77M73;
				INFOPLIST_FILE = TodoList_AppTests/Info.plist;
				IPHONEOS_DEPLOYMENT_TARGET = 13.2;
				LD_RUNPATH_SEARCH_PATHS = (
					"$(inherited)",
					"@executable_path/Frameworks",
					"@loader_path/Frameworks",
				);
				PRODUCT_BUNDLE_IDENTIFIER = "com.hcs.TodoList-AppTests";
				PRODUCT_NAME = "$(TARGET_NAME)";
				SWIFT_VERSION = 5.0;
				TARGETED_DEVICE_FAMILY = "1,2";
				TEST_HOST = "$(BUILT_PRODUCTS_DIR)/TodoList_App.app/TodoList_App";
			};
			name = Release;
		};
		ED3C102823F6DAA300A275A6 /* Debug */ = {
			isa = XCBuildConfiguration;
			buildSettings = {
				ALWAYS_EMBED_SWIFT_STANDARD_LIBRARIES = YES;
				CODE_SIGN_STYLE = Automatic;
				DEVELOPMENT_TEAM = SSD8A77M73;
				INFOPLIST_FILE = TodoList_AppUITests/Info.plist;
				LD_RUNPATH_SEARCH_PATHS = (
					"$(inherited)",
					"@executable_path/Frameworks",
					"@loader_path/Frameworks",
				);
				PRODUCT_BUNDLE_IDENTIFIER = "com.hcs.TodoList-AppUITests";
				PRODUCT_NAME = "$(TARGET_NAME)";
				SWIFT_VERSION = 5.0;
				TARGETED_DEVICE_FAMILY = "1,2";
				TEST_TARGET_NAME = TodoList_App;
			};
			name = Debug;
		};
		ED3C102923F6DAA300A275A6 /* Release */ = {
			isa = XCBuildConfiguration;
			buildSettings = {
				ALWAYS_EMBED_SWIFT_STANDARD_LIBRARIES = YES;
				CODE_SIGN_STYLE = Automatic;
				DEVELOPMENT_TEAM = SSD8A77M73;
				INFOPLIST_FILE = TodoList_AppUITests/Info.plist;
				LD_RUNPATH_SEARCH_PATHS = (
					"$(inherited)",
					"@executable_path/Frameworks",
					"@loader_path/Frameworks",
				);
				PRODUCT_BUNDLE_IDENTIFIER = "com.hcs.TodoList-AppUITests";
				PRODUCT_NAME = "$(TARGET_NAME)";
				SWIFT_VERSION = 5.0;
				TARGETED_DEVICE_FAMILY = "1,2";
				TEST_TARGET_NAME = TodoList_App;
			};
			name = Release;
		};
/* End XCBuildConfiguration section */

/* Begin XCConfigurationList section */
		ED3C0FEF23F6DAA000A275A6 /* Build configuration list for PBXProject "TodoList_App" */ = {
			isa = XCConfigurationList;
			buildConfigurations = (
				ED3C101F23F6DAA300A275A6 /* Debug */,
				ED3C102023F6DAA300A275A6 /* Release */,
			);
			defaultConfigurationIsVisible = 0;
			defaultConfigurationName = Release;
		};
		ED3C102123F6DAA300A275A6 /* Build configuration list for PBXNativeTarget "TodoList_App" */ = {
			isa = XCConfigurationList;
			buildConfigurations = (
				ED3C102223F6DAA300A275A6 /* Debug */,
				ED3C102323F6DAA300A275A6 /* Release */,
			);
			defaultConfigurationIsVisible = 0;
			defaultConfigurationName = Release;
		};
		ED3C102423F6DAA300A275A6 /* Build configuration list for PBXNativeTarget "TodoList_AppTests" */ = {
			isa = XCConfigurationList;
			buildConfigurations = (
				ED3C102523F6DAA300A275A6 /* Debug */,
				ED3C102623F6DAA300A275A6 /* Release */,
			);
			defaultConfigurationIsVisible = 0;
			defaultConfigurationName = Release;
		};
		ED3C102723F6DAA300A275A6 /* Build configuration list for PBXNativeTarget "TodoList_AppUITests" */ = {
			isa = XCConfigurationList;
			buildConfigurations = (
				ED3C102823F6DAA300A275A6 /* Debug */,
				ED3C102923F6DAA300A275A6 /* Release */,
			);
			defaultConfigurationIsVisible = 0;
			defaultConfigurationName = Release;
		};
/* End XCConfigurationList section */

/* Begin XCVersionGroup section */
		ED3C0FFB23F6DAA000A275A6 /* TodoList_App.xcdatamodeld */ = {
			isa = XCVersionGroup;
			children = (
				ED3C0FFC23F6DAA000A275A6 /* TodoList_App.xcdatamodel */,
			);
			currentVersion = ED3C0FFC23F6DAA000A275A6 /* TodoList_App.xcdatamodel */;
			path = TodoList_App.xcdatamodeld;
			sourceTree = "<group>";
			versionGroupType = wrapper.xcdatamodel;
		};
/* End XCVersionGroup section */
	};
	rootObject = ED3C0FEC23F6DAA000A275A6 /* Project object */;
}
